
Microsoft Visual Studio Solution File, Format Version 12.00
# Visual Studio 2013
VisualStudioVersion = 12.0.30501.0
MinimumVisualStudioVersion = 10.0.40219.1
Project("{FAE04EC0-301F-11D3-BF4B-00C04F79EFBC}") = "SharpLib", "SharpLib\SharpLib.csproj", "{9CDEC0B8-2232-45D1-815C-90880E1F8595}"
EndProject
Project("{FAE04EC0-301F-11D3-BF4B-00C04F79EFBC}") = "SharpLib.Native", "SharpLib.Native\SharpLib.Native.csproj", "{E9A3F6E0-D63A-4297-A59B-7E1357B443CC}"
EndProject
Project("{FAE04EC0-301F-11D3-BF4B-00C04F79EFBC}") = "SharpLib.Wpf", "SharpLib.Wpf\SharpLib.Wpf.csproj", "{4976118A-DDF9-4C23-AC93-6B99F7C3C246}"
EndProject
Project("{2150E333-8FDC-42A3-9474-1A3956D46DE8}") = "Demo", "Demo", "{E5BB9540-B329-4A3F-B531-9933F8FF96D2}"
EndProject
Project("{FAE04EC0-301F-11D3-BF4B-00C04F79EFBC}") = "Demo.Wpf", "Demo\Demo.Wpf\Demo.Wpf.csproj", "{FD5A22F4-9C7D-44FC-9FB4-74C5F5F81F75}"
EndProject
Project("{FAE04EC0-301F-11D3-BF4B-00C04F79EFBC}") = "Demo.WinForms", "Demo\Demo.WinForms\Demo.WinForms.csproj", "{7EA447A7-B526-4BBA-A025-B68B7F6A5579}"
EndProject
Project("{FAE04EC0-301F-11D3-BF4B-00C04F79EFBC}") = "SharpLib.WinForms", "SharpLib.WinForms\SharpLib.WinForms.csproj", "{342F03E6-7C91-4058-B749-0BF82821DA48}"
EndProject
Project("{FAE04EC0-301F-11D3-BF4B-00C04F79EFBC}") = "SharpLib.Log", "SharpLib.Log\SharpLib.Log.csproj", "{44809241-3223-423A-B9D3-93F011D0BEB6}"
EndProject
Project("{FAE04EC0-301F-11D3-BF4B-00C04F79EFBC}") = "SharpLib.Json", "SharpLib.Json\SharpLib.Json.csproj", "{893AAF6E-AC29-402A-B2FB-356CB417E562}"
EndProject
Global
	GlobalSection(SolutionConfigurationPlatforms) = preSolution
		Debug|Any CPU = Debug|Any CPU
		Release|Any CPU = Release|Any CPU
	EndGlobalSection
	GlobalSection(ProjectConfigurationPlatforms) = postSolution
		{9CDEC0B8-2232-45D1-815C-90880E1F8595}.Debug|Any CPU.ActiveCfg = Debug|Any CPU
		{9CDEC0B8-2232-45D1-815C-90880E1F8595}.Debug|Any CPU.Build.0 = Debug|Any CPU
		{9CDEC0B8-2232-45D1-815C-90880E1F8595}.Release|Any CPU.ActiveCfg = Release|Any CPU
		{9CDEC0B8-2232-45D1-815C-90880E1F8595}.Release|Any CPU.Build.0 = Release|Any CPU
		{E9A3F6E0-D63A-4297-A59B-7E1357B443CC}.Debug|Any CPU.ActiveCfg = Debug|Any CPU
		{E9A3F6E0-D63A-4297-A59B-7E1357B443CC}.Debug|Any CPU.Build.0 = Debug|Any CPU
		{E9A3F6E0-D63A-4297-A59B-7E1357B443CC}.Release|Any CPU.ActiveCfg = Release|Any CPU
		{E9A3F6E0-D63A-4297-A59B-7E1357B443CC}.Release|Any CPU.Build.0 = Release|Any CPU
		{4976118A-DDF9-4C23-AC93-6B99F7C3C246}.Debug|Any CPU.ActiveCfg = Debug|Any CPU
		{4976118A-DDF9-4C23-AC93-6B99F7C3C246}.Debug|Any CPU.Build.0 = Debug|Any CPU
		{4976118A-DDF9-4C23-AC93-6B99F7C3C246}.Release|Any CPU.ActiveCfg = Release|Any CPU
		{4976118A-DDF9-4C23-AC93-6B99F7C3C246}.Release|Any CPU.Build.0 = Release|Any CPU
		{FD5A22F4-9C7D-44FC-9FB4-74C5F5F81F75}.Debug|Any CPU.ActiveCfg = Debug|Any CPU
		{FD5A22F4-9C7D-44FC-9FB4-74C5F5F81F75}.Debug|Any CPU.Build.0 = Debug|Any CPU
		{FD5A22F4-9C7D-44FC-9FB4-74C5F5F81F75}.Release|Any CPU.ActiveCfg = Release|Any CPU
		{FD5A22F4-9C7D-44FC-9FB4-74C5F5F81F75}.Release|Any CPU.Build.0 = Release|Any CPU
		{7EA447A7-B526-4BBA-A025-B68B7F6A5579}.Debug|Any CPU.ActiveCfg = Debug|Any CPU
		{7EA447A7-B526-4BBA-A025-B68B7F6A5579}.Debug|Any CPU.Build.0 = Debug|Any CPU
		{7EA447A7-B526-4BBA-A025-B68B7F6A5579}.Release|Any CPU.ActiveCfg = Release|Any CPU
		{7EA447A7-B526-4BBA-A025-B68B7F6A5579}.Release|Any CPU.Build.0 = Release|Any CPU
		{342F03E6-7C91-4058-B749-0BF82821DA48}.Debug|Any CPU.ActiveCfg = Debug|Any CPU
		{342F03E6-7C91-4058-B749-0BF82821DA48}.Debug|Any CPU.Build.0 = Debug|Any CPU
		{342F03E6-7C91-4058-B749-0BF82821DA48}.Release|Any CPU.ActiveCfg = Release|Any CPU
		{342F03E6-7C91-4058-B749-0BF82821DA48}.Release|Any CPU.Build.0 = Release|Any CPU
		{44809241-3223-423A-B9D3-93F011D0BEB6}.Debug|Any CPU.ActiveCfg = Debug|Any CPU
		{44809241-3223-423A-B9D3-93F011D0BEB6}.Debug|Any CPU.Build.0 = Debug|Any CPU
		{44809241-3223-423A-B9D3-93F011D0BEB6}.Release|Any CPU.ActiveCfg = Release|Any CPU
		{44809241-3223-423A-B9D3-93F011D0BEB6}.Release|Any CPU.Build.0 = Release|Any CPU
		{893AAF6E-AC29-402A-B2FB-356CB417E562}.Debug|Any CPU.ActiveCfg = Debug|Any CPU
		{893AAF6E-AC29-402A-B2FB-356CB417E562}.Debug|Any CPU.Build.0 = Debug|Any CPU
		{893AAF6E-AC29-402A-B2FB-356CB417E562}.Release|Any CPU.ActiveCfg = Release|Any CPU
		{893AAF6E-AC29-402A-B2FB-356CB417E562}.Release|Any CPU.Build.0 = Release|Any CPU
	EndGlobalSection
	GlobalSection(SolutionProperties) = preSolution
		HideSolutionNode = FALSE
	EndGlobalSection
	GlobalSection(NestedProjects) = preSolution
		{FD5A22F4-9C7D-44FC-9FB4-74C5F5F81F75} = {E5BB9540-B329-4A3F-B531-9933F8FF96D2}
		{7EA447A7-B526-4BBA-A025-B68B7F6A5579} = {E5BB9540-B329-4A3F-B531-9933F8FF96D2}
	EndGlobalSection
EndGlobal
